
Microsoft Visual Studio Solution File, Format Version 12.00
# Visual Studio 15
VisualStudioVersion = 15.0.26430.6
MinimumVisualStudioVersion = 10.0.40219.1
Project("{A07B5EB6-E848-4116-A8D0-A826331D98C6}") = "ExperimentsApplication", "ExperimentsApplication\ExperimentsApplication.sfproj", "{D08CA0D0-07A0-46E3-A30D-BFD8D35A37A0}"
EndProject
Project("{FAE04EC0-301F-11D3-BF4B-00C04F79EFBC}") = "ExperimentManagerActor", "ExperimentManagerActor\ExperimentManagerActor.csproj", "{B62FD1A5-1134-4DA3-999A-DBE15F4295AD}"
EndProject
Project("{2150E333-8FDC-42A3-9474-1A3956D46DE8}") = "Actors", "Actors", "{7F35C2C2-FC29-4D1C-ADB7-CB3D9AE7E674}"
EndProject
Project("{2150E333-8FDC-42A3-9474-1A3956D46DE8}") = "Interfaces", "Interfaces", "{A8E74A2E-9F50-4BC4-A288-5F87286B3015}"
EndProject
Project("{FAE04EC0-301F-11D3-BF4B-00C04F79EFBC}") = "IExperimentManagerActor", "Interfaces\IExperimentManagerActor\IExperimentManagerActor.csproj", "{86CE81C0-7D72-4332-AD35-94194C68AA98}"
EndProject
Project("{2150E333-8FDC-42A3-9474-1A3956D46DE8}") = "Common", "Common", "{415B6F01-7BCF-482D-A954-79FDFF0009FA}"
EndProject
Project("{FAE04EC0-301F-11D3-BF4B-00C04F79EFBC}") = "StatechartActor", "..\..\Common\StatechartActor\StatechartActor\StatechartActor.csproj", "{764B4E36-E7E0-45E2-A836-53D7C36C7526}"
EndProject
Project("{FAE04EC0-301F-11D3-BF4B-00C04F79EFBC}") = "ModelManagerActor", "ModelManagerActor\ModelManagerActor.csproj", "{6B8BBA8D-D006-4143-8EEB-9036C84A7D64}"
EndProject
Project("{FAE04EC0-301F-11D3-BF4B-00C04F79EFBC}") = "PerformanceManagerActor", "PerformanceManagerActor\PerformanceManagerActor.csproj", "{179AFC46-32F2-4593-B7F2-C6D8502B1F34}"
EndProject
Project("{FAE04EC0-301F-11D3-BF4B-00C04F79EFBC}") = "NetworkManagerActor", "NetworkManagerActor\NetworkManagerActor.csproj", "{B522E334-6A5E-40E7-9103-095100414FCC}"
EndProject
Project("{FAE04EC0-301F-11D3-BF4B-00C04F79EFBC}") = "IModelManagerActor", "Interfaces\IModelManagerActor\IModelManagerActor.csproj", "{A2EC0176-ABA0-4CBC-8166-802B881461C7}"
EndProject
Project("{FAE04EC0-301F-11D3-BF4B-00C04F79EFBC}") = "INetworkManagerActor", "Interfaces\INetworkManagerActor\INetworkManagerActor.csproj", "{80A3AEB8-93BA-4A1B-BF00-462858DB91E3}"
EndProject
Project("{FAE04EC0-301F-11D3-BF4B-00C04F79EFBC}") = "IPerformanceManagerActor", "Interfaces\IPerformanceManagerActor\IPerformanceManagerActor.csproj", "{3FBBEF6D-5824-4A0E-9B30-45359ADA84B4}"
EndProject
Project("{FAE04EC0-301F-11D3-BF4B-00C04F79EFBC}") = "Utilities", "..\..\Common\Utilities\Utilities\Utilities.csproj", "{C3BE9C05-70DC-4379-9A3C-17C4C2F85569}"
EndProject
Project("{FAE04EC0-301F-11D3-BF4B-00C04F79EFBC}") = "ExperimentsAPI", "ExperimentsAPI\ExperimentsAPI.csproj", "{3A740F9C-BF72-4FB3-AD9B-AF15ABC80442}"
EndProject
Project("{2150E333-8FDC-42A3-9474-1A3956D46DE8}") = "Algorithms", "Algorithms", "{E80D60F6-3D1B-409E-B34A-401EB612DFBF}"
EndProject
Project("{FAE04EC0-301F-11D3-BF4B-00C04F79EFBC}") = "IAlgorithmActor", "Interfaces\IAlgorithmActor\IAlgorithmActor.csproj", "{52FA1E54-9F60-431C-AA7C-983483510F07}"
EndProject
Project("{FAE04EC0-301F-11D3-BF4B-00C04F79EFBC}") = "NLMSAlgorithmActor", "NLMSAlgorithmActor\NLMSAlgorithmActor.csproj", "{D71C9BC8-CA1E-4742-B888-F61280C5687E}"
EndProject
Global
	GlobalSection(SolutionConfigurationPlatforms) = preSolution
		Debug|Any CPU = Debug|Any CPU
		Debug|x64 = Debug|x64
		Release|Any CPU = Release|Any CPU
		Release|x64 = Release|x64
	EndGlobalSection
	GlobalSection(ProjectConfigurationPlatforms) = postSolution
		{D08CA0D0-07A0-46E3-A30D-BFD8D35A37A0}.Debug|Any CPU.ActiveCfg = Debug|x64
		{D08CA0D0-07A0-46E3-A30D-BFD8D35A37A0}.Debug|x64.ActiveCfg = Debug|x64
		{D08CA0D0-07A0-46E3-A30D-BFD8D35A37A0}.Debug|x64.Build.0 = Debug|x64
		{D08CA0D0-07A0-46E3-A30D-BFD8D35A37A0}.Debug|x64.Deploy.0 = Debug|x64
		{D08CA0D0-07A0-46E3-A30D-BFD8D35A37A0}.Release|Any CPU.ActiveCfg = Release|x64
		{D08CA0D0-07A0-46E3-A30D-BFD8D35A37A0}.Release|x64.ActiveCfg = Release|x64
		{D08CA0D0-07A0-46E3-A30D-BFD8D35A37A0}.Release|x64.Build.0 = Release|x64
		{D08CA0D0-07A0-46E3-A30D-BFD8D35A37A0}.Release|x64.Deploy.0 = Release|x64
		{B62FD1A5-1134-4DA3-999A-DBE15F4295AD}.Debug|Any CPU.ActiveCfg = Debug|x64
		{B62FD1A5-1134-4DA3-999A-DBE15F4295AD}.Debug|x64.ActiveCfg = Debug|x64
		{B62FD1A5-1134-4DA3-999A-DBE15F4295AD}.Debug|x64.Build.0 = Debug|x64
		{B62FD1A5-1134-4DA3-999A-DBE15F4295AD}.Release|Any CPU.ActiveCfg = Release|x64
		{B62FD1A5-1134-4DA3-999A-DBE15F4295AD}.Release|x64.ActiveCfg = Release|x64
		{B62FD1A5-1134-4DA3-999A-DBE15F4295AD}.Release|x64.Build.0 = Release|x64
		{86CE81C0-7D72-4332-AD35-94194C68AA98}.Debug|Any CPU.ActiveCfg = Debug|Any CPU
		{86CE81C0-7D72-4332-AD35-94194C68AA98}.Debug|Any CPU.Build.0 = Debug|Any CPU
		{86CE81C0-7D72-4332-AD35-94194C68AA98}.Debug|x64.ActiveCfg = Debug|x64
		{86CE81C0-7D72-4332-AD35-94194C68AA98}.Debug|x64.Build.0 = Debug|x64
		{86CE81C0-7D72-4332-AD35-94194C68AA98}.Release|Any CPU.ActiveCfg = Release|Any CPU
		{86CE81C0-7D72-4332-AD35-94194C68AA98}.Release|Any CPU.Build.0 = Release|Any CPU
		{86CE81C0-7D72-4332-AD35-94194C68AA98}.Release|x64.ActiveCfg = Release|x64
		{86CE81C0-7D72-4332-AD35-94194C68AA98}.Release|x64.Build.0 = Release|x64
		{764B4E36-E7E0-45E2-A836-53D7C36C7526}.Debug|Any CPU.ActiveCfg = Debug|Any CPU
		{764B4E36-E7E0-45E2-A836-53D7C36C7526}.Debug|Any CPU.Build.0 = Debug|Any CPU
		{764B4E36-E7E0-45E2-A836-53D7C36C7526}.Debug|x64.ActiveCfg = Debug|x64
		{764B4E36-E7E0-45E2-A836-53D7C36C7526}.Debug|x64.Build.0 = Debug|x64
		{764B4E36-E7E0-45E2-A836-53D7C36C7526}.Release|Any CPU.ActiveCfg = Release|Any CPU
		{764B4E36-E7E0-45E2-A836-53D7C36C7526}.Release|Any CPU.Build.0 = Release|Any CPU
		{764B4E36-E7E0-45E2-A836-53D7C36C7526}.Release|x64.ActiveCfg = Release|x64
		{764B4E36-E7E0-45E2-A836-53D7C36C7526}.Release|x64.Build.0 = Release|x64
		{6B8BBA8D-D006-4143-8EEB-9036C84A7D64}.Debug|Any CPU.ActiveCfg = Debug|x64
		{6B8BBA8D-D006-4143-8EEB-9036C84A7D64}.Debug|x64.ActiveCfg = Debug|x64
		{6B8BBA8D-D006-4143-8EEB-9036C84A7D64}.Debug|x64.Build.0 = Debug|x64
		{6B8BBA8D-D006-4143-8EEB-9036C84A7D64}.Release|Any CPU.ActiveCfg = Release|x64
		{6B8BBA8D-D006-4143-8EEB-9036C84A7D64}.Release|x64.ActiveCfg = Release|x64
		{6B8BBA8D-D006-4143-8EEB-9036C84A7D64}.Release|x64.Build.0 = Release|x64
		{179AFC46-32F2-4593-B7F2-C6D8502B1F34}.Debug|Any CPU.ActiveCfg = Debug|x64
		{179AFC46-32F2-4593-B7F2-C6D8502B1F34}.Debug|x64.ActiveCfg = Debug|x64
		{179AFC46-32F2-4593-B7F2-C6D8502B1F34}.Debug|x64.Build.0 = Debug|x64
		{179AFC46-32F2-4593-B7F2-C6D8502B1F34}.Release|Any CPU.ActiveCfg = Release|x64
		{179AFC46-32F2-4593-B7F2-C6D8502B1F34}.Release|x64.ActiveCfg = Release|x64
		{179AFC46-32F2-4593-B7F2-C6D8502B1F34}.Release|x64.Build.0 = Release|x64
		{B522E334-6A5E-40E7-9103-095100414FCC}.Debug|Any CPU.ActiveCfg = Debug|x64
		{B522E334-6A5E-40E7-9103-095100414FCC}.Debug|x64.ActiveCfg = Debug|x64
		{B522E334-6A5E-40E7-9103-095100414FCC}.Debug|x64.Build.0 = Debug|x64
		{B522E334-6A5E-40E7-9103-095100414FCC}.Release|Any CPU.ActiveCfg = Release|x64
		{B522E334-6A5E-40E7-9103-095100414FCC}.Release|x64.ActiveCfg = Release|x64
		{B522E334-6A5E-40E7-9103-095100414FCC}.Release|x64.Build.0 = Release|x64
		{A2EC0176-ABA0-4CBC-8166-802B881461C7}.Debug|Any CPU.ActiveCfg = Debug|Any CPU
		{A2EC0176-ABA0-4CBC-8166-802B881461C7}.Debug|Any CPU.Build.0 = Debug|Any CPU
		{A2EC0176-ABA0-4CBC-8166-802B881461C7}.Debug|x64.ActiveCfg = Debug|x64
		{A2EC0176-ABA0-4CBC-8166-802B881461C7}.Debug|x64.Build.0 = Debug|x64
		{A2EC0176-ABA0-4CBC-8166-802B881461C7}.Release|Any CPU.ActiveCfg = Release|Any CPU
		{A2EC0176-ABA0-4CBC-8166-802B881461C7}.Release|Any CPU.Build.0 = Release|Any CPU
		{A2EC0176-ABA0-4CBC-8166-802B881461C7}.Release|x64.ActiveCfg = Release|x64
		{A2EC0176-ABA0-4CBC-8166-802B881461C7}.Release|x64.Build.0 = Release|x64
		{80A3AEB8-93BA-4A1B-BF00-462858DB91E3}.Debug|Any CPU.ActiveCfg = Debug|Any CPU
		{80A3AEB8-93BA-4A1B-BF00-462858DB91E3}.Debug|Any CPU.Build.0 = Debug|Any CPU
		{80A3AEB8-93BA-4A1B-BF00-462858DB91E3}.Debug|x64.ActiveCfg = Debug|x64
		{80A3AEB8-93BA-4A1B-BF00-462858DB91E3}.Debug|x64.Build.0 = Debug|x64
		{80A3AEB8-93BA-4A1B-BF00-462858DB91E3}.Release|Any CPU.ActiveCfg = Release|Any CPU
		{80A3AEB8-93BA-4A1B-BF00-462858DB91E3}.Release|Any CPU.Build.0 = Release|Any CPU
		{80A3AEB8-93BA-4A1B-BF00-462858DB91E3}.Release|x64.ActiveCfg = Release|x64
		{80A3AEB8-93BA-4A1B-BF00-462858DB91E3}.Release|x64.Build.0 = Release|x64
		{3FBBEF6D-5824-4A0E-9B30-45359ADA84B4}.Debug|Any CPU.ActiveCfg = Debug|Any CPU
		{3FBBEF6D-5824-4A0E-9B30-45359ADA84B4}.Debug|Any CPU.Build.0 = Debug|Any CPU
		{3FBBEF6D-5824-4A0E-9B30-45359ADA84B4}.Debug|x64.ActiveCfg = Debug|x64
		{3FBBEF6D-5824-4A0E-9B30-45359ADA84B4}.Debug|x64.Build.0 = Debug|x64
		{3FBBEF6D-5824-4A0E-9B30-45359ADA84B4}.Release|Any CPU.ActiveCfg = Release|Any CPU
		{3FBBEF6D-5824-4A0E-9B30-45359ADA84B4}.Release|Any CPU.Build.0 = Release|Any CPU
		{3FBBEF6D-5824-4A0E-9B30-45359ADA84B4}.Release|x64.ActiveCfg = Release|x64
		{3FBBEF6D-5824-4A0E-9B30-45359ADA84B4}.Release|x64.Build.0 = Release|x64
		{C3BE9C05-70DC-4379-9A3C-17C4C2F85569}.Debug|Any CPU.ActiveCfg = Debug|Any CPU
		{C3BE9C05-70DC-4379-9A3C-17C4C2F85569}.Debug|Any CPU.Build.0 = Debug|Any CPU
		{C3BE9C05-70DC-4379-9A3C-17C4C2F85569}.Debug|x64.ActiveCfg = Debug|x64
		{C3BE9C05-70DC-4379-9A3C-17C4C2F85569}.Debug|x64.Build.0 = Debug|x64
		{C3BE9C05-70DC-4379-9A3C-17C4C2F85569}.Release|Any CPU.ActiveCfg = Release|Any CPU
		{C3BE9C05-70DC-4379-9A3C-17C4C2F85569}.Release|Any CPU.Build.0 = Release|Any CPU
		{C3BE9C05-70DC-4379-9A3C-17C4C2F85569}.Release|x64.ActiveCfg = Release|x64
		{C3BE9C05-70DC-4379-9A3C-17C4C2F85569}.Release|x64.Build.0 = Release|x64
		{3A740F9C-BF72-4FB3-AD9B-AF15ABC80442}.Debug|Any CPU.ActiveCfg = Debug|Any CPU
		{3A740F9C-BF72-4FB3-AD9B-AF15ABC80442}.Debug|Any CPU.Build.0 = Debug|Any CPU
		{3A740F9C-BF72-4FB3-AD9B-AF15ABC80442}.Debug|x64.ActiveCfg = Debug|x64
		{3A740F9C-BF72-4FB3-AD9B-AF15ABC80442}.Debug|x64.Build.0 = Debug|x64
		{3A740F9C-BF72-4FB3-AD9B-AF15ABC80442}.Release|Any CPU.ActiveCfg = Release|Any CPU
		{3A740F9C-BF72-4FB3-AD9B-AF15ABC80442}.Release|Any CPU.Build.0 = Release|Any CPU
		{3A740F9C-BF72-4FB3-AD9B-AF15ABC80442}.Release|x64.ActiveCfg = Release|x64
		{3A740F9C-BF72-4FB3-AD9B-AF15ABC80442}.Release|x64.Build.0 = Release|x64
		{52FA1E54-9F60-431C-AA7C-983483510F07}.Debug|Any CPU.ActiveCfg = Debug|Any CPU
		{52FA1E54-9F60-431C-AA7C-983483510F07}.Debug|Any CPU.Build.0 = Debug|Any CPU
		{52FA1E54-9F60-431C-AA7C-983483510F07}.Debug|x64.ActiveCfg = Debug|x64
		{52FA1E54-9F60-431C-AA7C-983483510F07}.Debug|x64.Build.0 = Debug|x64
		{52FA1E54-9F60-431C-AA7C-983483510F07}.Release|Any CPU.ActiveCfg = Release|Any CPU
		{52FA1E54-9F60-431C-AA7C-983483510F07}.Release|Any CPU.Build.0 = Release|Any CPU
		{52FA1E54-9F60-431C-AA7C-983483510F07}.Release|x64.ActiveCfg = Release|x64
		{52FA1E54-9F60-431C-AA7C-983483510F07}.Release|x64.Build.0 = Release|x64
		{D71C9BC8-CA1E-4742-B888-F61280C5687E}.Debug|Any CPU.ActiveCfg = Debug|x64
		{D71C9BC8-CA1E-4742-B888-F61280C5687E}.Debug|x64.ActiveCfg = Debug|x64
		{D71C9BC8-CA1E-4742-B888-F61280C5687E}.Debug|x64.Build.0 = Debug|x64
		{D71C9BC8-CA1E-4742-B888-F61280C5687E}.Release|Any CPU.ActiveCfg = Release|x64
		{D71C9BC8-CA1E-4742-B888-F61280C5687E}.Release|x64.ActiveCfg = Release|x64
		{D71C9BC8-CA1E-4742-B888-F61280C5687E}.Release|x64.Build.0 = Release|x64
	EndGlobalSection
	GlobalSection(SolutionProperties) = preSolution
		HideSolutionNode = FALSE
	EndGlobalSection
	GlobalSection(NestedProjects) = preSolution
		{B62FD1A5-1134-4DA3-999A-DBE15F4295AD} = {7F35C2C2-FC29-4D1C-ADB7-CB3D9AE7E674}
		{A8E74A2E-9F50-4BC4-A288-5F87286B3015} = {7F35C2C2-FC29-4D1C-ADB7-CB3D9AE7E674}
		{86CE81C0-7D72-4332-AD35-94194C68AA98} = {A8E74A2E-9F50-4BC4-A288-5F87286B3015}
		{764B4E36-E7E0-45E2-A836-53D7C36C7526} = {415B6F01-7BCF-482D-A954-79FDFF0009FA}
		{6B8BBA8D-D006-4143-8EEB-9036C84A7D64} = {7F35C2C2-FC29-4D1C-ADB7-CB3D9AE7E674}
		{179AFC46-32F2-4593-B7F2-C6D8502B1F34} = {7F35C2C2-FC29-4D1C-ADB7-CB3D9AE7E674}
		{B522E334-6A5E-40E7-9103-095100414FCC} = {7F35C2C2-FC29-4D1C-ADB7-CB3D9AE7E674}
		{A2EC0176-ABA0-4CBC-8166-802B881461C7} = {A8E74A2E-9F50-4BC4-A288-5F87286B3015}
		{80A3AEB8-93BA-4A1B-BF00-462858DB91E3} = {A8E74A2E-9F50-4BC4-A288-5F87286B3015}
		{3FBBEF6D-5824-4A0E-9B30-45359ADA84B4} = {A8E74A2E-9F50-4BC4-A288-5F87286B3015}
		{C3BE9C05-70DC-4379-9A3C-17C4C2F85569} = {415B6F01-7BCF-482D-A954-79FDFF0009FA}
		{E80D60F6-3D1B-409E-B34A-401EB612DFBF} = {7F35C2C2-FC29-4D1C-ADB7-CB3D9AE7E674}
		{52FA1E54-9F60-431C-AA7C-983483510F07} = {A8E74A2E-9F50-4BC4-A288-5F87286B3015}
		{D71C9BC8-CA1E-4742-B888-F61280C5687E} = {E80D60F6-3D1B-409E-B34A-401EB612DFBF}
	EndGlobalSection
EndGlobal
